Microsoft Visual Studio Solution File, Format Version 10.00
# Visual Studio 2008
Project("{8BC9CEB8-8B4A-11D0-8D11-00A0C91BC942}") = "Fringe.Base", "Fringe\Base\Fringe.Base VS9.vcproj", "{DFA55F58-2528-463F-BB30-F905A10FC310}"
	ProjectSection(ProjectDependencies) = postProject
		{1FA55F58-2528-463F-BB30-F905A10FC310} = {1FA55F58-2528-463F-BB30-F905A10FC310}
		{2FA55F58-2528-463F-BB30-F905A10FC310} = {2FA55F58-2528-463F-BB30-F905A10FC310}
		{3FA55F58-2528-463F-BB30-F905A10FC310} = {3FA55F58-2528-463F-BB30-F905A10FC310}
		{5FA55F58-2528-463F-BB30-F905A10FC310} = {5FA55F58-2528-463F-BB30-F905A10FC310}
		{7FA55F58-2528-463F-BB30-F905A10FC310} = {7FA55F58-2528-463F-BB30-F905A10FC310}
		{8FA55F58-2528-463F-BB30-F905A10FC310} = {8FA55F58-2528-463F-BB30-F905A10FC310}
		{AAA55F58-2528-463F-BB30-F905A10FC310} = {AAA55F58-2528-463F-BB30-F905A10FC310}
		{CFA55F58-2528-463F-BB30-F905A10FC310} = {CFA55F58-2528-463F-BB30-F905A10FC310}
		{FB23DF79-6469-4385-9742-FE472DE1E1E0} = {FB23DF79-6469-4385-9742-FE472DE1E1E0}
	EndProjectSection
EndProject
Project("{8BC9CEB8-8B4A-11D0-8D11-00A0C91BC942}") = "Fringe.Client", "Fringe\Client\Fringe.Client VS9.vcproj", "{1988652D-7831-4A17-8F9E-92D9752144B8}"
	ProjectSection(ProjectDependencies) = postProject
		{1FA55F58-2528-463F-BB30-F905A10FC310} = {1FA55F58-2528-463F-BB30-F905A10FC310}
		{2FA55F58-2528-463F-BB30-F905A10FC310} = {2FA55F58-2528-463F-BB30-F905A10FC310}
		{3FA55F58-2528-463F-BB30-F905A10FC310} = {3FA55F58-2528-463F-BB30-F905A10FC310}
		{5FA55F58-2528-463F-BB30-F905A10FC310} = {5FA55F58-2528-463F-BB30-F905A10FC310}
		{7FA55F58-2528-463F-BB30-F905A10FC310} = {7FA55F58-2528-463F-BB30-F905A10FC310}
		{8FA55F58-2528-463F-BB30-F905A10FC310} = {8FA55F58-2528-463F-BB30-F905A10FC310}
		{AAA55F58-2528-463F-BB30-F905A10FC310} = {AAA55F58-2528-463F-BB30-F905A10FC310}
		{CFA55F58-2528-463F-BB30-F905A10FC310} = {CFA55F58-2528-463F-BB30-F905A10FC310}
		{DFA55F58-2528-463F-BB30-F905A10FC310} = {DFA55F58-2528-463F-BB30-F905A10FC310}
		{FB23DF79-6469-4385-9742-FE472DE1E1E0} = {FB23DF79-6469-4385-9742-FE472DE1E1E0}
	EndProjectSection
EndProject
Project("{8BC9CEB8-8B4A-11D0-8D11-00A0C91BC942}") = "Fringe.Designer", "Fringe\Designer\Fringe.Designer VS9.vcproj", "{FFA55F58-2528-463F-BB30-F905A10FC310}"
EndProject
Project("{8BC9CEB8-8B4A-11D0-8D11-00A0C91BC942}") = "Fringe.Server", "Fringe\Server\Fringe.Server VS9.vcproj", "{2988652D-7831-4A17-8F9E-92D9752144B8}"
	ProjectSection(ProjectDependencies) = postProject
		{1FA55F58-2528-463F-BB30-F905A10FC310} = {1FA55F58-2528-463F-BB30-F905A10FC310}
		{5FA55F58-2528-463F-BB30-F905A10FC310} = {5FA55F58-2528-463F-BB30-F905A10FC310}
		{7FA55F58-2528-463F-BB30-F905A10FC310} = {7FA55F58-2528-463F-BB30-F905A10FC310}
		{8FA55F58-2528-463F-BB30-F905A10FC310} = {8FA55F58-2528-463F-BB30-F905A10FC310}
		{AAA55F58-2528-463F-BB30-F905A10FC310} = {AAA55F58-2528-463F-BB30-F905A10FC310}
		{CFA55F58-2528-463F-BB30-F905A10FC310} = {CFA55F58-2528-463F-BB30-F905A10FC310}
		{DFA55F58-2528-463F-BB30-F905A10FC310} = {DFA55F58-2528-463F-BB30-F905A10FC310}
		{FB23DF79-6469-4385-9742-FE472DE1E1E0} = {FB23DF79-6469-4385-9742-FE472DE1E1E0}
	EndProjectSection
EndProject
Project("{8BC9CEB8-8B4A-11D0-8D11-00A0C91BC942}") = "Fringe.Single", "Fringe\Single\Fringe.Single VS9.vcproj", "{7988652D-7831-4A17-8F9E-92D9752144B8}"
	ProjectSection(ProjectDependencies) = postProject
		{1FA55F58-2528-463F-BB30-F905A10FC310} = {1FA55F58-2528-463F-BB30-F905A10FC310}
		{2FA55F58-2528-463F-BB30-F905A10FC310} = {2FA55F58-2528-463F-BB30-F905A10FC310}
		{3FA55F58-2528-463F-BB30-F905A10FC310} = {3FA55F58-2528-463F-BB30-F905A10FC310}
		{5FA55F58-2528-463F-BB30-F905A10FC310} = {5FA55F58-2528-463F-BB30-F905A10FC310}
		{7FA55F58-2528-463F-BB30-F905A10FC310} = {7FA55F58-2528-463F-BB30-F905A10FC310}
		{8FA55F58-2528-463F-BB30-F905A10FC310} = {8FA55F58-2528-463F-BB30-F905A10FC310}
		{AAA55F58-2528-463F-BB30-F905A10FC310} = {AAA55F58-2528-463F-BB30-F905A10FC310}
		{CFA55F58-2528-463F-BB30-F905A10FC310} = {CFA55F58-2528-463F-BB30-F905A10FC310}
		{DFA55F58-2528-463F-BB30-F905A10FC310} = {DFA55F58-2528-463F-BB30-F905A10FC310}
		{FB23DF79-6469-4385-9742-FE472DE1E1E0} = {FB23DF79-6469-4385-9742-FE472DE1E1E0}
	EndProjectSection
EndProject
Project("{8BC9CEB8-8B4A-11D0-8D11-00A0C91BC942}") = "GG_Framework.Base", "GG_Framework\Base\GG_Framework.Base VS9.vcproj", "{1FA55F58-2528-463F-BB30-F905A10FC310}"
EndProject
Project("{8BC9CEB8-8B4A-11D0-8D11-00A0C91BC942}") = "GG_Framework.Logic", "GG_Framework\Logic\GG_Framework.Logic VS9.vcproj", "{5FA55F58-2528-463F-BB30-F905A10FC310}"
	ProjectSection(ProjectDependencies) = postProject
		{1FA55F58-2528-463F-BB30-F905A10FC310} = {1FA55F58-2528-463F-BB30-F905A10FC310}
		{2FA55F58-2528-463F-BB30-F905A10FC310} = {2FA55F58-2528-463F-BB30-F905A10FC310}
		{3FA55F58-2528-463F-BB30-F905A10FC310} = {3FA55F58-2528-463F-BB30-F905A10FC310}
		{7FA55F58-2528-463F-BB30-F905A10FC310} = {7FA55F58-2528-463F-BB30-F905A10FC310}
		{8FA55F58-2528-463F-BB30-F905A10FC310} = {8FA55F58-2528-463F-BB30-F905A10FC310}
		{AAA55F58-2528-463F-BB30-F905A10FC310} = {AAA55F58-2528-463F-BB30-F905A10FC310}
		{CFA55F58-2528-463F-BB30-F905A10FC310} = {CFA55F58-2528-463F-BB30-F905A10FC310}
	EndProjectSection
EndProject
Project("{8BC9CEB8-8B4A-11D0-8D11-00A0C91BC942}") = "GG_Framework.UI", "GG_Framework\UI\GG_Framework.UI VS9.vcproj", "{CFA55F58-2528-463F-BB30-F905A10FC310}"
	ProjectSection(ProjectDependencies) = postProject
		{1FA55F58-2528-463F-BB30-F905A10FC310} = {1FA55F58-2528-463F-BB30-F905A10FC310}
		{2FA55F58-2528-463F-BB30-F905A10FC310} = {2FA55F58-2528-463F-BB30-F905A10FC310}
		{3FA55F58-2528-463F-BB30-F905A10FC310} = {3FA55F58-2528-463F-BB30-F905A10FC310}
	EndProjectSection
EndProject
Project("{8BC9CEB8-8B4A-11D0-8D11-00A0C91BC942}") = "GG_Framework.UI.Audio", "GG_Framework\UI\Audio\GG_Framework.UI.Audio VS9.vcproj", "{2FA55F58-2528-463F-BB30-F905A10FC310}"
	ProjectSection(ProjectDependencies) = postProject
		{1FA55F58-2528-463F-BB30-F905A10FC310} = {1FA55F58-2528-463F-BB30-F905A10FC310}
	EndProjectSection
EndProject
Project("{8BC9CEB8-8B4A-11D0-8D11-00A0C91BC942}") = "GG_Framework.UI.OSG", "GG_Framework\UI\OSG\GG_Framework.UI.OSG VS9.vcproj", "{3FA55F58-2528-463F-BB30-F905A10FC310}"
	ProjectSection(ProjectDependencies) = postProject
		{1FA55F58-2528-463F-BB30-F905A10FC310} = {1FA55F58-2528-463F-BB30-F905A10FC310}
	EndProjectSection
EndProject
Project("{8BC9CEB8-8B4A-11D0-8D11-00A0C91BC942}") = "GG_Framework.Logic.Physics", "GG_Framework\Logic\Physics\GG_Framework.Logic.Physics VS9.vcproj", "{7FA55F58-2528-463F-BB30-F905A10FC310}"
	ProjectSection(ProjectDependencies) = postProject
		{1FA55F58-2528-463F-BB30-F905A10FC310} = {1FA55F58-2528-463F-BB30-F905A10FC310}
	EndProjectSection
EndProject
Project("{8BC9CEB8-8B4A-11D0-8D11-00A0C91BC942}") = "GG_Framework.Logic.Network", "GG_Framework\Logic\Network\GG_Framework.Logic.Network VS9.vcproj", "{8FA55F58-2528-463F-BB30-F905A10FC310}"
	ProjectSection(ProjectDependencies) = postProject
		{1FA55F58-2528-463F-BB30-F905A10FC310} = {1FA55F58-2528-463F-BB30-F905A10FC310}
	EndProjectSection
EndProject
Project("{8BC9CEB8-8B4A-11D0-8D11-00A0C91BC942}") = "OSGV", "OSGV\OSGV VS9.vcproj", "{ED692678-A432-4EB3-9224-4E09F526229F}"
	ProjectSection(ProjectDependencies) = postProject
		{1FA55F58-2528-463F-BB30-F905A10FC310} = {1FA55F58-2528-463F-BB30-F905A10FC310}
		{2FA55F58-2528-463F-BB30-F905A10FC310} = {2FA55F58-2528-463F-BB30-F905A10FC310}
		{3FA55F58-2528-463F-BB30-F905A10FC310} = {3FA55F58-2528-463F-BB30-F905A10FC310}
		{CFA55F58-2528-463F-BB30-F905A10FC310} = {CFA55F58-2528-463F-BB30-F905A10FC310}
	EndProjectSection
EndProject
Project("{8BC9CEB8-8B4A-11D0-8D11-00A0C91BC942}") = "GG_Framework.Logic.Scripting", "GG_Framework\Logic\Scripting\GG_Framework.Logic.Scripting VS9.vcproj", "{AAA55F58-2528-463F-BB30-F905A10FC310}"
	ProjectSection(ProjectDependencies) = postProject
		{1FA55F58-2528-463F-BB30-F905A10FC310} = {1FA55F58-2528-463F-BB30-F905A10FC310}
	EndProjectSection
EndProject
Project("{8BC9CEB8-8B4A-11D0-8D11-00A0C91BC942}") = "osgPlugin lws", "osgdb_lws\lws VS9.vcproj", "{1700857D-527E-4579-BA95-8437A43B2C0B}"
EndProject
Project("{8BC9CEB8-8B4A-11D0-8D11-00A0C91BC942}") = "osgPlugin lwo", "osgdb_lwo\lwo VS9.vcproj", "{1E075985-E811-46A1-B972-636C7DEF614A}"
EndProject
Project("{8BC9CEB8-8B4A-11D0-8D11-00A0C91BC942}") = "ZDesign", "ZDesign\ZDesign VS9.vcproj", "{38B45EBC-2EF5-4E56-874E-DDDEA28EEFF9}"
EndProject
Project("{8BC9CEB8-8B4A-11D0-8D11-00A0C91BC942}") = "ZSolution", "ZSolution\ZSolution.vcproj", "{B590FFFF-B24D-4997-AF45-EA4D2742E296}"
EndProject
Project("{8BC9CEB8-8B4A-11D0-8D11-00A0C91BC942}") = "GG_Framework.AppReuse", "GG_Framework\AppReuse\GG_Framework.AppReuse.vcproj", "{FB23DF79-6469-4385-9742-FE472DE1E1E0}"
	ProjectSection(ProjectDependencies) = postProject
		{1FA55F58-2528-463F-BB30-F905A10FC310} = {1FA55F58-2528-463F-BB30-F905A10FC310}
		{3FA55F58-2528-463F-BB30-F905A10FC310} = {3FA55F58-2528-463F-BB30-F905A10FC310}
		{5FA55F58-2528-463F-BB30-F905A10FC310} = {5FA55F58-2528-463F-BB30-F905A10FC310}
		{7FA55F58-2528-463F-BB30-F905A10FC310} = {7FA55F58-2528-463F-BB30-F905A10FC310}
		{8FA55F58-2528-463F-BB30-F905A10FC310} = {8FA55F58-2528-463F-BB30-F905A10FC310}
		{AAA55F58-2528-463F-BB30-F905A10FC310} = {AAA55F58-2528-463F-BB30-F905A10FC310}
	EndProjectSection
EndProject
Project("{54435603-DBB4-11D2-8724-00A0C9A8B90C}") = "RimSpace_Proto.Setup", "RimSpace\RimSpace.Setup\RimSpace.Setup.vdproj", "{367C9A96-64E8-4DDB-A931-75E11441A294}"
EndProject
Global
	GlobalSection(SolutionConfigurationPlatforms) = preSolution
		Common|Any CPU = Common|Any CPU
		Common|Mixed Platforms = Common|Mixed Platforms
		Common|Win32 = Common|Win32
		Debug Static|Any CPU = Debug Static|Any CPU
		Debug Static|Mixed Platforms = Debug Static|Mixed Platforms
		Debug Static|Win32 = Debug Static|Win32
		Debug|Any CPU = Debug|Any CPU
		Debug|Mixed Platforms = Debug|Mixed Platforms
		Debug|Win32 = Debug|Win32
		Release Static|Any CPU = Release Static|Any CPU
		Release Static|Mixed Platforms = Release Static|Mixed Platforms
		Release Static|Win32 = Release Static|Win32
		Release|Any CPU = Release|Any CPU
		Release|Mixed Platforms = Release|Mixed Platforms
		Release|Win32 = Release|Win32
	EndGlobalSection
	GlobalSection(ProjectConfigurationPlatforms) = postSolution
		{DFA55F58-2528-463F-BB30-F905A10FC310}.Common|Any CPU.ActiveCfg = Release|Win32
		{DFA55F58-2528-463F-BB30-F905A10FC310}.Common|Mixed Platforms.ActiveCfg = Release|Win32
		{DFA55F58-2528-463F-BB30-F905A10FC310}.Common|Mixed Platforms.Build.0 = Release|Win32
		{DFA55F58-2528-463F-BB30-F905A10FC310}.Common|Win32.ActiveCfg = Release|Win32
		{DFA55F58-2528-463F-BB30-F905A10FC310}.Common|Win32.Build.0 = Release|Win32
		{DFA55F58-2528-463F-BB30-F905A10FC310}.Debug Static|Any CPU.ActiveCfg = Debug|Win32
		{DFA55F58-2528-463F-BB30-F905A10FC310}.Debug Static|Mixed Platforms.ActiveCfg = Debug|Win32
		{DFA55F58-2528-463F-BB30-F905A10FC310}.Debug Static|Mixed Platforms.Build.0 = Debug|Win32
		{DFA55F58-2528-463F-BB30-F905A10FC310}.Debug Static|Win32.ActiveCfg = Debug|Win32
		{DFA55F58-2528-463F-BB30-F905A10FC310}.Debug Static|Win32.Build.0 = Debug|Win32
		{DFA55F58-2528-463F-BB30-F905A10FC310}.Debug|Any CPU.ActiveCfg = Debug|Win32
		{DFA55F58-2528-463F-BB30-F905A10FC310}.Debug|Mixed Platforms.ActiveCfg = Debug|Win32
		{DFA55F58-2528-463F-BB30-F905A10FC310}.Debug|Mixed Platforms.Build.0 = Debug|Win32
		{DFA55F58-2528-463F-BB30-F905A10FC310}.Debug|Win32.ActiveCfg = Debug|Win32
		{DFA55F58-2528-463F-BB30-F905A10FC310}.Debug|Win32.Build.0 = Debug|Win32
		{DFA55F58-2528-463F-BB30-F905A10FC310}.Release Static|Any CPU.ActiveCfg = Release|Win32
		{DFA55F58-2528-463F-BB30-F905A10FC310}.Release Static|Mixed Platforms.ActiveCfg = Release|Win32
		{DFA55F58-2528-463F-BB30-F905A10FC310}.Release Static|Mixed Platforms.Build.0 = Release|Win32
		{DFA55F58-2528-463F-BB30-F905A10FC310}.Release Static|Win32.ActiveCfg = Release|Win32
		{DFA55F58-2528-463F-BB30-F905A10FC310}.Release Static|Win32.Build.0 = Release|Win32
		{DFA55F58-2528-463F-BB30-F905A10FC310}.Release|Any CPU.ActiveCfg = Release|Win32
		{DFA55F58-2528-463F-BB30-F905A10FC310}.Release|Mixed Platforms.ActiveCfg = Release|Win32
		{DFA55F58-2528-463F-BB30-F905A10FC310}.Release|Mixed Platforms.Build.0 = Release|Win32
		{DFA55F58-2528-463F-BB30-F905A10FC310}.Release|Win32.ActiveCfg = Release|Win32
		{DFA55F58-2528-463F-BB30-F905A10FC310}.Release|Win32.Build.0 = Release|Win32
		{1988652D-7831-4A17-8F9E-92D9752144B8}.Common|Any CPU.ActiveCfg = Release|Win32
		{1988652D-7831-4A17-8F9E-92D9752144B8}.Common|Mixed Platforms.ActiveCfg = Release|Win32
		{1988652D-7831-4A17-8F9E-92D9752144B8}.Common|Mixed Platforms.Build.0 = Release|Win32
		{1988652D-7831-4A17-8F9E-92D9752144B8}.Common|Win32.ActiveCfg = Release|Win32
		{1988652D-7831-4A17-8F9E-92D9752144B8}.Common|Win32.Build.0 = Release|Win32
		{1988652D-7831-4A17-8F9E-92D9752144B8}.Debug Static|Any CPU.ActiveCfg = Debug|Win32
		{1988652D-7831-4A17-8F9E-92D9752144B8}.Debug Static|Mixed Platforms.ActiveCfg = Debug|Win32
		{1988652D-7831-4A17-8F9E-92D9752144B8}.Debug Static|Mixed Platforms.Build.0 = Debug|Win32
		{1988652D-7831-4A17-8F9E-92D9752144B8}.Debug Static|Win32.ActiveCfg = Debug|Win32
		{1988652D-7831-4A17-8F9E-92D9752144B8}.Debug Static|Win32.Build.0 = Debug|Win32
		{1988652D-7831-4A17-8F9E-92D9752144B8}.Debug|Any CPU.ActiveCfg = Debug|Win32
		{1988652D-7831-4A17-8F9E-92D9752144B8}.Debug|Mixed Platforms.ActiveCfg = Debug|Win32
		{1988652D-7831-4A17-8F9E-92D9752144B8}.Debug|Mixed Platforms.Build.0 = Debug|Win32
		{1988652D-7831-4A17-8F9E-92D9752144B8}.Debug|Win32.ActiveCfg = Debug|Win32
		{1988652D-7831-4A17-8F9E-92D9752144B8}.Debug|Win32.Build.0 = Debug|Win32
		{1988652D-7831-4A17-8F9E-92D9752144B8}.Release Static|Any CPU.ActiveCfg = Release|Win32
		{1988652D-7831-4A17-8F9E-92D9752144B8}.Release Static|Mixed Platforms.ActiveCfg = Release|Win32
		{1988652D-7831-4A17-8F9E-92D9752144B8}.Release Static|Mixed Platforms.Build.0 = Release|Win32
		{1988652D-7831-4A17-8F9E-92D9752144B8}.Release Static|Win32.ActiveCfg = Release|Win32
		{1988652D-7831-4A17-8F9E-92D9752144B8}.Release Static|Win32.Build.0 = Release|Win32
		{1988652D-7831-4A17-8F9E-92D9752144B8}.Release|Any CPU.ActiveCfg = Release|Win32
		{1988652D-7831-4A17-8F9E-92D9752144B8}.Release|Mixed Platforms.ActiveCfg = Release|Win32
		{1988652D-7831-4A17-8F9E-92D9752144B8}.Release|Mixed Platforms.Build.0 = Release|Win32
		{1988652D-7831-4A17-8F9E-92D9752144B8}.Release|Win32.ActiveCfg = Release|Win32
		{1988652D-7831-4A17-8F9E-92D9752144B8}.Release|Win32.Build.0 = Release|Win32
		{FFA55F58-2528-463F-BB30-F905A10FC310}.Common|Any CPU.ActiveCfg = Release|Win32
		{FFA55F58-2528-463F-BB30-F905A10FC310}.Common|Mixed Platforms.ActiveCfg = Release|Win32
		{FFA55F58-2528-463F-BB30-F905A10FC310}.Common|Mixed Platforms.Build.0 = Release|Win32
		{FFA55F58-2528-463F-BB30-F905A10FC310}.Common|Win32.ActiveCfg = Release|Win32
		{FFA55F58-2528-463F-BB30-F905A10FC310}.Common|Win32.Build.0 = Release|Win32
		{FFA55F58-2528-463F-BB30-F905A10FC310}.Debug Static|Any CPU.ActiveCfg = Debug|Win32
		{FFA55F58-2528-463F-BB30-F905A10FC310}.Debug Static|Mixed Platforms.ActiveCfg = Debug|Win32
		{FFA55F58-2528-463F-BB30-F905A10FC310}.Debug Static|Mixed Platforms.Build.0 = Debug|Win32
		{FFA55F58-2528-463F-BB30-F905A10FC310}.Debug Static|Win32.ActiveCfg = Debug|Win32
		{FFA55F58-2528-463F-BB30-F905A10FC310}.Debug Static|Win32.Build.0 = Debug|Win32
		{FFA55F58-2528-463F-BB30-F905A10FC310}.Debug|Any CPU.ActiveCfg = Debug|Win32
		{FFA55F58-2528-463F-BB30-F905A10FC310}.Debug|Mixed Platforms.ActiveCfg = Debug|Win32
		{FFA55F58-2528-463F-BB30-F905A10FC310}.Debug|Mixed Platforms.Build.0 = Debug|Win32
		{FFA55F58-2528-463F-BB30-F905A10FC310}.Debug|Win32.ActiveCfg = Debug|Win32
		{FFA55F58-2528-463F-BB30-F905A10FC310}.Debug|Win32.Build.0 = Debug|Win32
		{FFA55F58-2528-463F-BB30-F905A10FC310}.Release Static|Any CPU.ActiveCfg = Release|Win32
		{FFA55F58-2528-463F-BB30-F905A10FC310}.Release Static|Mixed Platforms.ActiveCfg = Release|Win32
		{FFA55F58-2528-463F-BB30-F905A10FC310}.Release Static|Mixed Platforms.Build.0 = Release|Win32
		{FFA55F58-2528-463F-BB30-F905A10FC310}.Release Static|Win32.ActiveCfg = Release|Win32
		{FFA55F58-2528-463F-BB30-F905A10FC310}.Release Static|Win32.Build.0 = Release|Win32
		{FFA55F58-2528-463F-BB30-F905A10FC310}.Release|Any CPU.ActiveCfg = Release|Win32
		{FFA55F58-2528-463F-BB30-F905A10FC310}.Release|Mixed Platforms.ActiveCfg = Release|Win32
		{FFA55F58-2528-463F-BB30-F905A10FC310}.Release|Mixed Platforms.Build.0 = Release|Win32
		{FFA55F58-2528-463F-BB30-F905A10FC310}.Release|Win32.ActiveCfg = Release|Win32
		{FFA55F58-2528-463F-BB30-F905A10FC310}.Release|Win32.Build.0 = Release|Win32
		{2988652D-7831-4A17-8F9E-92D9752144B8}.Common|Any CPU.ActiveCfg = Release|Win32
		{2988652D-7831-4A17-8F9E-92D9752144B8}.Common|Mixed Platforms.ActiveCfg = Release|Win32
		{2988652D-7831-4A17-8F9E-92D9752144B8}.Common|Mixed Platforms.Build.0 = Release|Win32
		{2988652D-7831-4A17-8F9E-92D9752144B8}.Common|Win32.ActiveCfg = Release|Win32
		{2988652D-7831-4A17-8F9E-92D9752144B8}.Common|Win32.Build.0 = Release|Win32
		{2988652D-7831-4A17-8F9E-92D9752144B8}.Debug Static|Any CPU.ActiveCfg = Debug|Win32
		{2988652D-7831-4A17-8F9E-92D9752144B8}.Debug Static|Mixed Platforms.ActiveCfg = Debug|Win32
		{2988652D-7831-4A17-8F9E-92D9752144B8}.Debug Static|Mixed Platforms.Build.0 = Debug|Win32
		{2988652D-7831-4A17-8F9E-92D9752144B8}.Debug Static|Win32.ActiveCfg = Debug|Win32
		{2988652D-7831-4A17-8F9E-92D9752144B8}.Debug Static|Win32.Build.0 = Debug|Win32
		{2988652D-7831-4A17-8F9E-92D9752144B8}.Debug|Any CPU.ActiveCfg = Debug|Win32
		{2988652D-7831-4A17-8F9E-92D9752144B8}.Debug|Mixed Platforms.ActiveCfg = Debug|Win32
		{2988652D-7831-4A17-8F9E-92D9752144B8}.Debug|Mixed Platforms.Build.0 = Debug|Win32
		{2988652D-7831-4A17-8F9E-92D9752144B8}.Debug|Win32.ActiveCfg = Debug|Win32
		{2988652D-7831-4A17-8F9E-92D9752144B8}.Debug|Win32.Build.0 = Debug|Win32
		{2988652D-7831-4A17-8F9E-92D9752144B8}.Release Static|Any CPU.ActiveCfg = Release|Win32
		{2988652D-7831-4A17-8F9E-92D9752144B8}.Release Static|Mixed Platforms.ActiveCfg = Release|Win32
		{2988652D-7831-4A17-8F9E-92D9752144B8}.Release Static|Mixed Platforms.Build.0 = Release|Win32
		{2988652D-7831-4A17-8F9E-92D9752144B8}.Release Static|Win32.ActiveCfg = Release|Win32
		{2988652D-7831-4A17-8F9E-92D9752144B8}.Release Static|Win32.Build.0 = Release|Win32
		{2988652D-7831-4A17-8F9E-92D9752144B8}.Release|Any CPU.ActiveCfg = Release|Win32
		{2988652D-7831-4A17-8F9E-92D9752144B8}.Release|Mixed Platforms.ActiveCfg = Release|Win32
		{2988652D-7831-4A17-8F9E-92D9752144B8}.Release|Mixed Platforms.Build.0 = Release|Win32
		{2988652D-7831-4A17-8F9E-92D9752144B8}.Release|Win32.ActiveCfg = Release|Win32
		{2988652D-7831-4A17-8F9E-92D9752144B8}.Release|Win32.Build.0 = Release|Win32
		{7988652D-7831-4A17-8F9E-92D9752144B8}.Common|Any CPU.ActiveCfg = Release|Win32
		{7988652D-7831-4A17-8F9E-92D9752144B8}.Common|Mixed Platforms.ActiveCfg = Release|Win32
		{7988652D-7831-4A17-8F9E-92D9752144B8}.Common|Mixed Platforms.Build.0 = Release|Win32
		{7988652D-7831-4A17-8F9E-92D9752144B8}.Common|Win32.ActiveCfg = Release|Win32
		{7988652D-7831-4A17-8F9E-92D9752144B8}.Common|Win32.Build.0 = Release|Win32
		{7988652D-7831-4A17-8F9E-92D9752144B8}.Debug Static|Any CPU.ActiveCfg = Debug|Win32
		{7988652D-7831-4A17-8F9E-92D9752144B8}.Debug Static|Mixed Platforms.ActiveCfg = Debug|Win32
		{7988652D-7831-4A17-8F9E-92D9752144B8}.Debug Static|Mixed Platforms.Build.0 = Debug|Win32
		{7988652D-7831-4A17-8F9E-92D9752144B8}.Debug Static|Win32.ActiveCfg = Debug|Win32
		{7988652D-7831-4A17-8F9E-92D9752144B8}.Debug Static|Win32.Build.0 = Debug|Win32
		{7988652D-7831-4A17-8F9E-92D9752144B8}.Debug|Any CPU.ActiveCfg = Debug|Win32
		{7988652D-7831-4A17-8F9E-92D9752144B8}.Debug|Mixed Platforms.ActiveCfg = Debug|Win32
		{7988652D-7831-4A17-8F9E-92D9752144B8}.Debug|Mixed Platforms.Build.0 = Debug|Win32
		{7988652D-7831-4A17-8F9E-92D9752144B8}.Debug|Win32.ActiveCfg = Debug|Win32
		{7988652D-7831-4A17-8F9E-92D9752144B8}.Debug|Win32.Build.0 = Debug|Win32
		{7988652D-7831-4A17-8F9E-92D9752144B8}.Release Static|Any CPU.ActiveCfg = Release|Win32
		{7988652D-7831-4A17-8F9E-92D9752144B8}.Release Static|Mixed Platforms.ActiveCfg = Release|Win32
		{7988652D-7831-4A17-8F9E-92D9752144B8}.Release Static|Mixed Platforms.Build.0 = Release|Win32
		{7988652D-7831-4A17-8F9E-92D9752144B8}.Release Static|Win32.ActiveCfg = Release|Win32
		{7988652D-7831-4A17-8F9E-92D9752144B8}.Release Static|Win32.Build.0 = Release|Win32
		{7988652D-7831-4A17-8F9E-92D9752144B8}.Release|Any CPU.ActiveCfg = Release|Win32
		{7988652D-7831-4A17-8F9E-92D9752144B8}.Release|Mixed Platforms.ActiveCfg = Release|Win32
		{7988652D-7831-4A17-8F9E-92D9752144B8}.Release|Mixed Platforms.Build.0 = Release|Win32
		{7988652D-7831-4A17-8F9E-92D9752144B8}.Release|Win32.ActiveCfg = Release|Win32
		{7988652D-7831-4A17-8F9E-92D9752144B8}.Release|Win32.Build.0 = Release|Win32
		{1FA55F58-2528-463F-BB30-F905A10FC310}.Common|Any CPU.ActiveCfg = Release|Win32
		{1FA55F58-2528-463F-BB30-F905A10FC310}.Common|Mixed Platforms.ActiveCfg = Release|Win32
		{1FA55F58-2528-463F-BB30-F905A10FC310}.Common|Mixed Platforms.Build.0 = Release|Win32
		{1FA55F58-2528-463F-BB30-F905A10FC310}.Common|Win32.ActiveCfg = Release|Win32
		{1FA55F58-2528-463F-BB30-F905A10FC310}.Common|Win32.Build.0 = Release|Win32
		{1FA55F58-2528-463F-BB30-F905A10FC310}.Debug Static|Any CPU.ActiveCfg = Debug|Win32
		{1FA55F58-2528-463F-BB30-F905A10FC310}.Debug Static|Mixed Platforms.ActiveCfg = Debug|Win32
		{1FA55F58-2528-463F-BB30-F905A10FC310}.Debug Static|Mixed Platforms.Build.0 = Debug|Win32
		{1FA55F58-2528-463F-BB30-F905A10FC310}.Debug Static|Win32.ActiveCfg = Debug|Win32
		{1FA55F58-2528-463F-BB30-F905A10FC310}.Debug Static|Win32.Build.0 = Debug|Win32
		{1FA55F58-2528-463F-BB30-F905A10FC310}.Debug|Any CPU.ActiveCfg = Debug|Win32
		{1FA55F58-2528-463F-BB30-F905A10FC310}.Debug|Mixed Platforms.ActiveCfg = Debug|Win32
		{1FA55F58-2528-463F-BB30-F905A10FC310}.Debug|Mixed Platforms.Build.0 = Debug|Win32
		{1FA55F58-2528-463F-BB30-F905A10FC310}.Debug|Win32.ActiveCfg = Debug|Win32
		{1FA55F58-2528-463F-BB30-F905A10FC310}.Debug|Win32.Build.0 = Debug|Win32
		{1FA55F58-2528-463F-BB30-F905A10FC310}.Release Static|Any CPU.ActiveCfg = Release|Win32
		{1FA55F58-2528-463F-BB30-F905A10FC310}.Release Static|Mixed Platforms.ActiveCfg = Release|Win32
		{1FA55F58-2528-463F-BB30-F905A10FC310}.Release Static|Mixed Platforms.Build.0 = Release|Win32
		{1FA55F58-2528-463F-BB30-F905A10FC310}.Release Static|Win32.ActiveCfg = Release|Win32
		{1FA55F58-2528-463F-BB30-F905A10FC310}.Release Static|Win32.Build.0 = Release|Win32
		{1FA55F58-2528-463F-BB30-F905A10FC310}.Release|Any CPU.ActiveCfg = Release|Win32
		{1FA55F58-2528-463F-BB30-F905A10FC310}.Release|Mixed Platforms.ActiveCfg = Release|Win32
		{1FA55F58-2528-463F-BB30-F905A10FC310}.Release|Mixed Platforms.Build.0 = Release|Win32
		{1FA55F58-2528-463F-BB30-F905A10FC310}.Release|Win32.ActiveCfg = Release|Win32
		{1FA55F58-2528-463F-BB30-F905A10FC310}.Release|Win32.Build.0 = Release|Win32
		{5FA55F58-2528-463F-BB30-F905A10FC310}.Common|Any CPU.ActiveCfg = Release|Win32
		{5FA55F58-2528-463F-BB30-F905A10FC310}.Common|Mixed Platforms.ActiveCfg = Release|Win32
		{5FA55F58-2528-463F-BB30-F905A10FC310}.Common|Mixed Platforms.Build.0 = Release|Win32
		{5FA55F58-2528-463F-BB30-F905A10FC310}.Common|Win32.ActiveCfg = Release|Win32
		{5FA55F58-2528-463F-BB30-F905A10FC310}.Common|Win32.Build.0 = Release|Win32
		{5FA55F58-2528-463F-BB30-F905A10FC310}.Debug Static|Any CPU.ActiveCfg = Debug|Win32
		{5FA55F58-2528-463F-BB30-F905A10FC310}.Debug Static|Mixed Platforms.ActiveCfg = Debug|Win32
		{5FA55F58-2528-463F-BB30-F905A10FC310}.Debug Static|Mixed Platforms.Build.0 = Debug|Win32
		{5FA55F58-2528-463F-BB30-F905A10FC310}.Debug Static|Win32.ActiveCfg = Debug|Win32
		{5FA55F58-2528-463F-BB30-F905A10FC310}.Debug Static|Win32.Build.0 = Debug|Win32
		{5FA55F58-2528-463F-BB30-F905A10FC310}.Debug|Any CPU.ActiveCfg = Debug|Win32
		{5FA55F58-2528-463F-BB30-F905A10FC310}.Debug|Mixed Platforms.ActiveCfg = Debug|Win32
		{5FA55F58-2528-463F-BB30-F905A10FC310}.Debug|Mixed Platforms.Build.0 = Debug|Win32
		{5FA55F58-2528-463F-BB30-F905A10FC310}.Debug|Win32.ActiveCfg = Debug|Win32
		{5FA55F58-2528-463F-BB30-F905A10FC310}.Debug|Win32.Build.0 = Debug|Win32
		{5FA55F58-2528-463F-BB30-F905A10FC310}.Release Static|Any CPU.ActiveCfg = Release|Win32
		{5FA55F58-2528-463F-BB30-F905A10FC310}.Release Static|Mixed Platforms.ActiveCfg = Release|Win32
		{5FA55F58-2528-463F-BB30-F905A10FC310}.Release Static|Mixed Platforms.Build.0 = Release|Win32
		{5FA55F58-2528-463F-BB30-F905A10FC310}.Release Static|Win32.ActiveCfg = Release|Win32
		{5FA55F58-2528-463F-BB30-F905A10FC310}.Release Static|Win32.Build.0 = Release|Win32
		{5FA55F58-2528-463F-BB30-F905A10FC310}.Release|Any CPU.ActiveCfg = Release|Win32
		{5FA55F58-2528-463F-BB30-F905A10FC310}.Release|Mixed Platforms.ActiveCfg = Release|Win32
		{5FA55F58-2528-463F-BB30-F905A10FC310}.Release|Mixed Platforms.Build.0 = Release|Win32
		{5FA55F58-2528-463F-BB30-F905A10FC310}.Release|Win32.ActiveCfg = Release|Win32
		{5FA55F58-2528-463F-BB30-F905A10FC310}.Release|Win32.Build.0 = Release|Win32
		{CFA55F58-2528-463F-BB30-F905A10FC310}.Common|Any CPU.ActiveCfg = Release|Win32
		{CFA55F58-2528-463F-BB30-F905A10FC310}.Common|Mixed Platforms.ActiveCfg = Release|Win32
		{CFA55F58-2528-463F-BB30-F905A10FC310}.Common|Mixed Platforms.Build.0 = Release|Win32
		{CFA55F58-2528-463F-BB30-F905A10FC310}.Common|Win32.ActiveCfg = Release|Win32
		{CFA55F58-2528-463F-BB30-F905A10FC310}.Common|Win32.Build.0 = Release|Win32
		{CFA55F58-2528-463F-BB30-F905A10FC310}.Debug Static|Any CPU.ActiveCfg = Debug|Win32
		{CFA55F58-2528-463F-BB30-F905A10FC310}.Debug Static|Mixed Platforms.ActiveCfg = Debug|Win32
		{CFA55F58-2528-463F-BB30-F905A10FC310}.Debug Static|Mixed Platforms.Build.0 = Debug|Win32
		{CFA55F58-2528-463F-BB30-F905A10FC310}.Debug Static|Win32.ActiveCfg = Debug|Win32
		{CFA55F58-2528-463F-BB30-F905A10FC310}.Debug Static|Win32.Build.0 = Debug|Win32
		{CFA55F58-2528-463F-BB30-F905A10FC310}.Debug|Any CPU.ActiveCfg = Debug|Win32
		{CFA55F58-2528-463F-BB30-F905A10FC310}.Debug|Mixed Platforms.ActiveCfg = Debug|Win32
		{CFA55F58-2528-463F-BB30-F905A10FC310}.Debug|Mixed Platforms.Build.0 = Debug|Win32
		{CFA55F58-2528-463F-BB30-F905A10FC310}.Debug|Win32.ActiveCfg = Debug|Win32
		{CFA55F58-2528-463F-BB30-F905A10FC310}.Debug|Win32.Build.0 = Debug|Win32
		{CFA55F58-2528-463F-BB30-F905A10FC310}.Release Static|Any CPU.ActiveCfg = Release|Win32
		{CFA55F58-2528-463F-BB30-F905A10FC310}.Release Static|Mixed Platforms.ActiveCfg = Release|Win32
		{CFA55F58-2528-463F-BB30-F905A10FC310}.Release Static|Mixed Platforms.Build.0 = Release|Win32
		{CFA55F58-2528-463F-BB30-F905A10FC310}.Release Static|Win32.ActiveCfg = Release|Win32
		{CFA55F58-2528-463F-BB30-F905A10FC310}.Release Static|Win32.Build.0 = Release|Win32
		{CFA55F58-2528-463F-BB30-F905A10FC310}.Release|Any CPU.ActiveCfg = Release|Win32
		{CFA55F58-2528-463F-BB30-F905A10FC310}.Release|Mixed Platforms.ActiveCfg = Release|Win32
		{CFA55F58-2528-463F-BB30-F905A10FC310}.Release|Mixed Platforms.Build.0 = Release|Win32
		{CFA55F58-2528-463F-BB30-F905A10FC310}.Release|Win32.ActiveCfg = Release|Win32
		{CFA55F58-2528-463F-BB30-F905A10FC310}.Release|Win32.Build.0 = Release|Win32
		{2FA55F58-2528-463F-BB30-F905A10FC310}.Common|Any CPU.ActiveCfg = Release|Win32
		{2FA55F58-2528-463F-BB30-F905A10FC310}.Common|Mixed Platforms.ActiveCfg = Release|Win32
		{2FA55F58-2528-463F-BB30-F905A10FC310}.Common|Mixed Platforms.Build.0 = Release|Win32
		{2FA55F58-2528-463F-BB30-F905A10FC310}.Common|Win32.ActiveCfg = Release|Win32
		{2FA55F58-2528-463F-BB30-F905A10FC310}.Common|Win32.Build.0 = Release|Win32
		{2FA55F58-2528-463F-BB30-F905A10FC310}.Debug Static|Any CPU.ActiveCfg = Debug|Win32
		{2FA55F58-2528-463F-BB30-F905A10FC310}.Debug Static|Mixed Platforms.ActiveCfg = Debug|Win32
		{2FA55F58-2528-463F-BB30-F905A10FC310}.Debug Static|Mixed Platforms.Build.0 = Debug|Win32
		{2FA55F58-2528-463F-BB30-F905A10FC310}.Debug Static|Win32.ActiveCfg = Debug|Win32
		{2FA55F58-2528-463F-BB30-F905A10FC310}.Debug Static|Win32.Build.0 = Debug|Win32
		{2FA55F58-2528-463F-BB30-F905A10FC310}.Debug|Any CPU.ActiveCfg = Debug|Win32
		{2FA55F58-2528-463F-BB30-F905A10FC310}.Debug|Mixed Platforms.ActiveCfg = Debug|Win32
		{2FA55F58-2528-463F-BB30-F905A10FC310}.Debug|Mixed Platforms.Build.0 = Debug|Win32
		{2FA55F58-2528-463F-BB30-F905A10FC310}.Debug|Win32.ActiveCfg = Debug|Win32
		{2FA55F58-2528-463F-BB30-F905A10FC310}.Debug|Win32.Build.0 = Debug|Win32
		{2FA55F58-2528-463F-BB30-F905A10FC310}.Release Static|Any CPU.ActiveCfg = Release|Win32
		{2FA55F58-2528-463F-BB30-F905A10FC310}.Release Static|Mixed Platforms.ActiveCfg = Release|Win32
		{2FA55F58-2528-463F-BB30-F905A10FC310}.Release Static|Mixed Platforms.Build.0 = Release|Win32
		{2FA55F58-2528-463F-BB30-F905A10FC310}.Release Static|Win32.ActiveCfg = Release|Win32
		{2FA55F58-2528-463F-BB30-F905A10FC310}.Release Static|Win32.Build.0 = Release|Win32
		{2FA55F58-2528-463F-BB30-F905A10FC310}.Release|Any CPU.ActiveCfg = Release|Win32
		{2FA55F58-2528-463F-BB30-F905A10FC310}.Release|Mixed Platforms.ActiveCfg = Release|Win32
		{2FA55F58-2528-463F-BB30-F905A10FC310}.Release|Mixed Platforms.Build.0 = Release|Win32
		{2FA55F58-2528-463F-BB30-F905A10FC310}.Release|Win32.ActiveCfg = Release|Win32
		{2FA55F58-2528-463F-BB30-F905A10FC310}.Release|Win32.Build.0 = Release|Win32
		{3FA55F58-2528-463F-BB30-F905A10FC310}.Common|Any CPU.ActiveCfg = Release|Win32
		{3FA55F58-2528-463F-BB30-F905A10FC310}.Common|Mixed Platforms.ActiveCfg = Release|Win32
		{3FA55F58-2528-463F-BB30-F905A10FC310}.Common|Mixed Platforms.Build.0 = Release|Win32
		{3FA55F58-2528-463F-BB30-F905A10FC310}.Common|Win32.ActiveCfg = Release|Win32
		{3FA55F58-2528-463F-BB30-F905A10FC310}.Common|Win32.Build.0 = Release|Win32
		{3FA55F58-2528-463F-BB30-F905A10FC310}.Debug Static|Any CPU.ActiveCfg = Debug|Win32
		{3FA55F58-2528-463F-BB30-F905A10FC310}.Debug Static|Mixed Platforms.ActiveCfg = Debug|Win32
		{3FA55F58-2528-463F-BB30-F905A10FC310}.Debug Static|Mixed Platforms.Build.0 = Debug|Win32
		{3FA55F58-2528-463F-BB30-F905A10FC310}.Debug Static|Win32.ActiveCfg = Debug|Win32
		{3FA55F58-2528-463F-BB30-F905A10FC310}.Debug Static|Win32.Build.0 = Debug|Win32
		{3FA55F58-2528-463F-BB30-F905A10FC310}.Debug|Any CPU.ActiveCfg = Debug|Win32
		{3FA55F58-2528-463F-BB30-F905A10FC310}.Debug|Mixed Platforms.ActiveCfg = Debug|Win32
		{3FA55F58-2528-463F-BB30-F905A10FC310}.Debug|Mixed Platforms.Build.0 = Debug|Win32
		{3FA55F58-2528-463F-BB30-F905A10FC310}.Debug|Win32.ActiveCfg = Debug|Win32
		{3FA55F58-2528-463F-BB30-F905A10FC310}.Debug|Win32.Build.0 = Debug|Win32
		{3FA55F58-2528-463F-BB30-F905A10FC310}.Release Static|Any CPU.ActiveCfg = Release|Win32
		{3FA55F58-2528-463F-BB30-F905A10FC310}.Release Static|Mixed Platforms.ActiveCfg = Release|Win32
		{3FA55F58-2528-463F-BB30-F905A10FC310}.Release Static|Mixed Platforms.Build.0 = Release|Win32
		{3FA55F58-2528-463F-BB30-F905A10FC310}.Release Static|Win32.ActiveCfg = Release|Win32
		{3FA55F58-2528-463F-BB30-F905A10FC310}.Release Static|Win32.Build.0 = Release|Win32
		{3FA55F58-2528-463F-BB30-F905A10FC310}.Release|Any CPU.ActiveCfg = Release|Win32
		{3FA55F58-2528-463F-BB30-F905A10FC310}.Release|Mixed Platforms.ActiveCfg = Release|Win32
		{3FA55F58-2528-463F-BB30-F905A10FC310}.Release|Mixed Platforms.Build.0 = Release|Win32
		{3FA55F58-2528-463F-BB30-F905A10FC310}.Release|Win32.ActiveCfg = Release|Win32
		{3FA55F58-2528-463F-BB30-F905A10FC310}.Release|Win32.Build.0 = Release|Win32
		{7FA55F58-2528-463F-BB30-F905A10FC310}.Common|Any CPU.ActiveCfg = Release|Win32
		{7FA55F58-2528-463F-BB30-F905A10FC310}.Common|Mixed Platforms.ActiveCfg = Release|Win32
		{7FA55F58-2528-463F-BB30-F905A10FC310}.Common|Mixed Platforms.Build.0 = Release|Win32
		{7FA55F58-2528-463F-BB30-F905A10FC310}.Common|Win32.ActiveCfg = Release|Win32
		{7FA55F58-2528-463F-BB30-F905A10FC310}.Common|Win32.Build.0 = Release|Win32
		{7FA55F58-2528-463F-BB30-F905A10FC310}.Debug Static|Any CPU.ActiveCfg = Debug|Win32
		{7FA55F58-2528-463F-BB30-F905A10FC310}.Debug Static|Mixed Platforms.ActiveCfg = Debug|Win32
		{7FA55F58-2528-463F-BB30-F905A10FC310}.Debug Static|Mixed Platforms.Build.0 = Debug|Win32
		{7FA55F58-2528-463F-BB30-F905A10FC310}.Debug Static|Win32.ActiveCfg = Debug|Win32
		{7FA55F58-2528-463F-BB30-F905A10FC310}.Debug Static|Win32.Build.0 = Debug|Win32
		{7FA55F58-2528-463F-BB30-F905A10FC310}.Debug|Any CPU.ActiveCfg = Debug|Win32
		{7FA55F58-2528-463F-BB30-F905A10FC310}.Debug|Mixed Platforms.ActiveCfg = Debug|Win32
		{7FA55F58-2528-463F-BB30-F905A10FC310}.Debug|Mixed Platforms.Build.0 = Debug|Win32
		{7FA55F58-2528-463F-BB30-F905A10FC310}.Debug|Win32.ActiveCfg = Debug|Win32
		{7FA55F58-2528-463F-BB30-F905A10FC310}.Debug|Win32.Build.0 = Debug|Win32
		{7FA55F58-2528-463F-BB30-F905A10FC310}.Release Static|Any CPU.ActiveCfg = Release|Win32
		{7FA55F58-2528-463F-BB30-F905A10FC310}.Release Static|Mixed Platforms.ActiveCfg = Release|Win32
		{7FA55F58-2528-463F-BB30-F905A10FC310}.Release Static|Mixed Platforms.Build.0 = Release|Win32
		{7FA55F58-2528-463F-BB30-F905A10FC310}.Release Static|Win32.ActiveCfg = Release|Win32
		{7FA55F58-2528-463F-BB30-F905A10FC310}.Release Static|Win32.Build.0 = Release|Win32
		{7FA55F58-2528-463F-BB30-F905A10FC310}.Release|Any CPU.ActiveCfg = Release|Win32
		{7FA55F58-2528-463F-BB30-F905A10FC310}.Release|Mixed Platforms.ActiveCfg = Release|Win32
		{7FA55F58-2528-463F-BB30-F905A10FC310}.Release|Mixed Platforms.Build.0 = Release|Win32
		{7FA55F58-2528-463F-BB30-F905A10FC310}.Release|Win32.ActiveCfg = Release|Win32
		{7FA55F58-2528-463F-BB30-F905A10FC310}.Release|Win32.Build.0 = Release|Win32
		{8FA55F58-2528-463F-BB30-F905A10FC310}.Common|Any CPU.ActiveCfg = Release|Win32
		{8FA55F58-2528-463F-BB30-F905A10FC310}.Common|Mixed Platforms.ActiveCfg = Release|Win32
		{8FA55F58-2528-463F-BB30-F905A10FC310}.Common|Mixed Platforms.Build.0 = Release|Win32
		{8FA55F58-2528-463F-BB30-F905A10FC310}.Common|Win32.ActiveCfg = Release|Win32
		{8FA55F58-2528-463F-BB30-F905A10FC310}.Common|Win32.Build.0 = Release|Win32
		{8FA55F58-2528-463F-BB30-F905A10FC310}.Debug Static|Any CPU.ActiveCfg = Debug|Win32
		{8FA55F58-2528-463F-BB30-F905A10FC310}.Debug Static|Mixed Platforms.ActiveCfg = Debug|Win32
		{8FA55F58-2528-463F-BB30-F905A10FC310}.Debug Static|Mixed Platforms.Build.0 = Debug|Win32
		{8FA55F58-2528-463F-BB30-F905A10FC310}.Debug Static|Win32.ActiveCfg = Debug|Win32
		{8FA55F58-2528-463F-BB30-F905A10FC310}.Debug Static|Win32.Build.0 = Debug|Win32
		{8FA55F58-2528-463F-BB30-F905A10FC310}.Debug|Any CPU.ActiveCfg = Debug|Win32
		{8FA55F58-2528-463F-BB30-F905A10FC310}.Debug|Mixed Platforms.ActiveCfg = Debug|Win32
		{8FA55F58-2528-463F-BB30-F905A10FC310}.Debug|Mixed Platforms.Build.0 = Debug|Win32
		{8FA55F58-2528-463F-BB30-F905A10FC310}.Debug|Win32.ActiveCfg = Debug|Win32
		{8FA55F58-2528-463F-BB30-F905A10FC310}.Debug|Win32.Build.0 = Debug|Win32
		{8FA55F58-2528-463F-BB30-F905A10FC310}.Release Static|Any CPU.ActiveCfg = Release|Win32
		{8FA55F58-2528-463F-BB30-F905A10FC310}.Release Static|Mixed Platforms.ActiveCfg = Release|Win32
		{8FA55F58-2528-463F-BB30-F905A10FC310}.Release Static|Mixed Platforms.Build.0 = Release|Win32
		{8FA55F58-2528-463F-BB30-F905A10FC310}.Release Static|Win32.ActiveCfg = Release|Win32
		{8FA55F58-2528-463F-BB30-F905A10FC310}.Release Static|Win32.Build.0 = Release|Win32
		{8FA55F58-2528-463F-BB30-F905A10FC310}.Release|Any CPU.ActiveCfg = Release|Win32
		{8FA55F58-2528-463F-BB30-F905A10FC310}.Release|Mixed Platforms.ActiveCfg = Release|Win32
		{8FA55F58-2528-463F-BB30-F905A10FC310}.Release|Mixed Platforms.Build.0 = Release|Win32
		{8FA55F58-2528-463F-BB30-F905A10FC310}.Release|Win32.ActiveCfg = Release|Win32
		{8FA55F58-2528-463F-BB30-F905A10FC310}.Release|Win32.Build.0 = Release|Win32
		{ED692678-A432-4EB3-9224-4E09F526229F}.Common|Any CPU.ActiveCfg = Release|Win32
		{ED692678-A432-4EB3-9224-4E09F526229F}.Common|Mixed Platforms.ActiveCfg = Release|Win32
		{ED692678-A432-4EB3-9224-4E09F526229F}.Common|Mixed Platforms.Build.0 = Release|Win32
		{ED692678-A432-4EB3-9224-4E09F526229F}.Common|Win32.ActiveCfg = Release|Win32
		{ED692678-A432-4EB3-9224-4E09F526229F}.Common|Win32.Build.0 = Release|Win32
		{ED692678-A432-4EB3-9224-4E09F526229F}.Debug Static|Any CPU.ActiveCfg = Debug|Win32
		{ED692678-A432-4EB3-9224-4E09F526229F}.Debug Static|Mixed Platforms.ActiveCfg = Debug|Win32
		{ED692678-A432-4EB3-9224-4E09F526229F}.Debug Static|Mixed Platforms.Build.0 = Debug|Win32
		{ED692678-A432-4EB3-9224-4E09F526229F}.Debug Static|Win32.ActiveCfg = Debug|Win32
		{ED692678-A432-4EB3-9224-4E09F526229F}.Debug Static|Win32.Build.0 = Debug|Win32
		{ED692678-A432-4EB3-9224-4E09F526229F}.Debug|Any CPU.ActiveCfg = Debug|Win32
		{ED692678-A432-4EB3-9224-4E09F526229F}.Debug|Mixed Platforms.ActiveCfg = Debug|Win32
		{ED692678-A432-4EB3-9224-4E09F526229F}.Debug|Mixed Platforms.Build.0 = Debug|Win32
		{ED692678-A432-4EB3-9224-4E09F526229F}.Debug|Win32.ActiveCfg = Debug|Win32
		{ED692678-A432-4EB3-9224-4E09F526229F}.Debug|Win32.Build.0 = Debug|Win32
		{ED692678-A432-4EB3-9224-4E09F526229F}.Release Static|Any CPU.ActiveCfg = Release|Win32
		{ED692678-A432-4EB3-9224-4E09F526229F}.Release Static|Mixed Platforms.ActiveCfg = Release|Win32
		{ED692678-A432-4EB3-9224-4E09F526229F}.Release Static|Mixed Platforms.Build.0 = Release|Win32
		{ED692678-A432-4EB3-9224-4E09F526229F}.Release Static|Win32.ActiveCfg = Release|Win32
		{ED692678-A432-4EB3-9224-4E09F526229F}.Release Static|Win32.Build.0 = Release|Win32
		{ED692678-A432-4EB3-9224-4E09F526229F}.Release|Any CPU.ActiveCfg = Release|Win32
		{ED692678-A432-4EB3-9224-4E09F526229F}.Release|Mixed Platforms.ActiveCfg = Release|Win32
		{ED692678-A432-4EB3-9224-4E09F526229F}.Release|Mixed Platforms.Build.0 = Release|Win32
		{ED692678-A432-4EB3-9224-4E09F526229F}.Release|Win32.ActiveCfg = Release|Win32
		{ED692678-A432-4EB3-9224-4E09F526229F}.Release|Win32.Build.0 = Release|Win32
		{AAA55F58-2528-463F-BB30-F905A10FC310}.Common|Any CPU.ActiveCfg = Release|Win32
		{AAA55F58-2528-463F-BB30-F905A10FC310}.Common|Mixed Platforms.ActiveCfg = Release|Win32
		{AAA55F58-2528-463F-BB30-F905A10FC310}.Common|Mixed Platforms.Build.0 = Release|Win32
		{AAA55F58-2528-463F-BB30-F905A10FC310}.Common|Win32.ActiveCfg = Release|Win32
		{AAA55F58-2528-463F-BB30-F905A10FC310}.Common|Win32.Build.0 = Release|Win32
		{AAA55F58-2528-463F-BB30-F905A10FC310}.Debug Static|Any CPU.ActiveCfg = Debug|Win32
		{AAA55F58-2528-463F-BB30-F905A10FC310}.Debug Static|Mixed Platforms.ActiveCfg = Debug|Win32
		{AAA55F58-2528-463F-BB30-F905A10FC310}.Debug Static|Mixed Platforms.Build.0 = Debug|Win32
		{AAA55F58-2528-463F-BB30-F905A10FC310}.Debug Static|Win32.ActiveCfg = Debug|Win32
		{AAA55F58-2528-463F-BB30-F905A10FC310}.Debug Static|Win32.Build.0 = Debug|Win32
		{AAA55F58-2528-463F-BB30-F905A10FC310}.Debug|Any CPU.ActiveCfg = Debug|Win32
		{AAA55F58-2528-463F-BB30-F905A10FC310}.Debug|Mixed Platforms.ActiveCfg = Debug|Win32
		{AAA55F58-2528-463F-BB30-F905A10FC310}.Debug|Mixed Platforms.Build.0 = Debug|Win32
		{AAA55F58-2528-463F-BB30-F905A10FC310}.Debug|Win32.ActiveCfg = Debug|Win32
		{AAA55F58-2528-463F-BB30-F905A10FC310}.Debug|Win32.Build.0 = Debug|Win32
		{AAA55F58-2528-463F-BB30-F905A10FC310}.Release Static|Any CPU.ActiveCfg = Release|Win32
		{AAA55F58-2528-463F-BB30-F905A10FC310}.Release Static|Mixed Platforms.ActiveCfg = Release|Win32
		{AAA55F58-2528-463F-BB30-F905A10FC310}.Release Static|Mixed Platforms.Build.0 = Release|Win32
		{AAA55F58-2528-463F-BB30-F905A10FC310}.Release Static|Win32.ActiveCfg = Release|Win32
		{AAA55F58-2528-463F-BB30-F905A10FC310}.Release Static|Win32.Build.0 = Release|Win32
		{AAA55F58-2528-463F-BB30-F905A10FC310}.Release|Any CPU.ActiveCfg = Release|Win32
		{AAA55F58-2528-463F-BB30-F905A10FC310}.Release|Mixed Platforms.ActiveCfg = Release|Win32
		{AAA55F58-2528-463F-BB30-F905A10FC310}.Release|Mixed Platforms.Build.0 = Release|Win32
		{AAA55F58-2528-463F-BB30-F905A10FC310}.Release|Win32.ActiveCfg = Release|Win32
		{AAA55F58-2528-463F-BB30-F905A10FC310}.Release|Win32.Build.0 = Release|Win32
		{1700857D-527E-4579-BA95-8437A43B2C0B}.Common|Any CPU.ActiveCfg = Debug|Win32
		{1700857D-527E-4579-BA95-8437A43B2C0B}.Common|Mixed Platforms.ActiveCfg = Debug|Win32
		{1700857D-527E-4579-BA95-8437A43B2C0B}.Common|Mixed Platforms.Build.0 = Debug|Win32
		{1700857D-527E-4579-BA95-8437A43B2C0B}.Common|Win32.ActiveCfg = Debug|Win32
		{1700857D-527E-4579-BA95-8437A43B2C0B}.Common|Win32.Build.0 = Debug|Win32
		{1700857D-527E-4579-BA95-8437A43B2C0B}.Debug Static|Any CPU.ActiveCfg = Debug Static|Win32
		{1700857D-527E-4579-BA95-8437A43B2C0B}.Debug Static|Mixed Platforms.ActiveCfg = Debug Static|Win32
		{1700857D-527E-4579-BA95-8437A43B2C0B}.Debug Static|Mixed Platforms.Build.0 = Debug Static|Win32
		{1700857D-527E-4579-BA95-8437A43B2C0B}.Debug Static|Win32.ActiveCfg = Debug Static|Win32
		{1700857D-527E-4579-BA95-8437A43B2C0B}.Debug Static|Win32.Build.0 = Debug Static|Win32
		{1700857D-527E-4579-BA95-8437A43B2C0B}.Debug|Any CPU.ActiveCfg = Debug|Win32
		{1700857D-527E-4579-BA95-8437A43B2C0B}.Debug|Mixed Platforms.ActiveCfg = Debug|Win32
		{1700857D-527E-4579-BA95-8437A43B2C0B}.Debug|Mixed Platforms.Build.0 = Debug|Win32
		{1700857D-527E-4579-BA95-8437A43B2C0B}.Debug|Win32.ActiveCfg = Debug|Win32
		{1700857D-527E-4579-BA95-8437A43B2C0B}.Debug|Win32.Build.0 = Debug|Win32
		{1700857D-527E-4579-BA95-8437A43B2C0B}.Release Static|Any CPU.ActiveCfg = Release Static|Win32
		{1700857D-527E-4579-BA95-8437A43B2C0B}.Release Static|Mixed Platforms.ActiveCfg = Release Static|Win32
		{1700857D-527E-4579-BA95-8437A43B2C0B}.Release Static|Mixed Platforms.Build.0 = Release Static|Win32
		{1700857D-527E-4579-BA95-8437A43B2C0B}.Release Static|Win32.ActiveCfg = Release Static|Win32
		{1700857D-527E-4579-BA95-8437A43B2C0B}.Release Static|Win32.Build.0 = Release Static|Win32
		{1700857D-527E-4579-BA95-8437A43B2C0B}.Release|Any CPU.ActiveCfg = Release|Win32
		{1700857D-527E-4579-BA95-8437A43B2C0B}.Release|Mixed Platforms.ActiveCfg = Release|Win32
		{1700857D-527E-4579-BA95-8437A43B2C0B}.Release|Mixed Platforms.Build.0 = Release|Win32
		{1700857D-527E-4579-BA95-8437A43B2C0B}.Release|Win32.ActiveCfg = Release|Win32
		{1700857D-527E-4579-BA95-8437A43B2C0B}.Release|Win32.Build.0 = Release|Win32
		{1E075985-E811-46A1-B972-636C7DEF614A}.Common|Any CPU.ActiveCfg = Debug|Win32
		{1E075985-E811-46A1-B972-636C7DEF614A}.Common|Mixed Platforms.ActiveCfg = Debug|Win32
		{1E075985-E811-46A1-B972-636C7DEF614A}.Common|Mixed Platforms.Build.0 = Debug|Win32
		{1E075985-E811-46A1-B972-636C7DEF614A}.Common|Win32.ActiveCfg = Debug|Win32
		{1E075985-E811-46A1-B972-636C7DEF614A}.Common|Win32.Build.0 = Debug|Win32
		{1E075985-E811-46A1-B972-636C7DEF614A}.Debug Static|Any CPU.ActiveCfg = Debug Static|Win32
		{1E075985-E811-46A1-B972-636C7DEF614A}.Debug Static|Mixed Platforms.ActiveCfg = Debug Static|Win32
		{1E075985-E811-46A1-B972-636C7DEF614A}.Debug Static|Mixed Platforms.Build.0 = Debug Static|Win32
		{1E075985-E811-46A1-B972-636C7DEF614A}.Debug Static|Win32.ActiveCfg = Debug Static|Win32
		{1E075985-E811-46A1-B972-636C7DEF614A}.Debug Static|Win32.Build.0 = Debug Static|Win32
		{1E075985-E811-46A1-B972-636C7DEF614A}.Debug|Any CPU.ActiveCfg = Debug|Win32
		{1E075985-E811-46A1-B972-636C7DEF614A}.Debug|Mixed Platforms.ActiveCfg = Debug|Win32
		{1E075985-E811-46A1-B972-636C7DEF614A}.Debug|Mixed Platforms.Build.0 = Debug|Win32
		{1E075985-E811-46A1-B972-636C7DEF614A}.Debug|Win32.ActiveCfg = Debug|Win32
		{1E075985-E811-46A1-B972-636C7DEF614A}.Debug|Win32.Build.0 = Debug|Win32
		{1E075985-E811-46A1-B972-636C7DEF614A}.Release Static|Any CPU.ActiveCfg = Release Static|Win32
		{1E075985-E811-46A1-B972-636C7DEF614A}.Release Static|Mixed Platforms.ActiveCfg = Release Static|Win32
		{1E075985-E811-46A1-B972-636C7DEF614A}.Release Static|Mixed Platforms.Build.0 = Release Static|Win32
		{1E075985-E811-46A1-B972-636C7DEF614A}.Release Static|Win32.ActiveCfg = Release Static|Win32
		{1E075985-E811-46A1-B972-636C7DEF614A}.Release Static|Win32.Build.0 = Release Static|Win32
		{1E075985-E811-46A1-B972-636C7DEF614A}.Release|Any CPU.ActiveCfg = Release|Win32
		{1E075985-E811-46A1-B972-636C7DEF614A}.Release|Mixed Platforms.ActiveCfg = Release|Win32
		{1E075985-E811-46A1-B972-636C7DEF614A}.Release|Mixed Platforms.Build.0 = Release|Win32
		{1E075985-E811-46A1-B972-636C7DEF614A}.Release|Win32.ActiveCfg = Release|Win32
		{1E075985-E811-46A1-B972-636C7DEF614A}.Release|Win32.Build.0 = Release|Win32
		{38B45EBC-2EF5-4E56-874E-DDDEA28EEFF9}.Common|Any CPU.ActiveCfg = Release|Win32
		{38B45EBC-2EF5-4E56-874E-DDDEA28EEFF9}.Common|Mixed Platforms.ActiveCfg = Release|Win32
		{38B45EBC-2EF5-4E56-874E-DDDEA28EEFF9}.Common|Mixed Platforms.Build.0 = Release|Win32
		{38B45EBC-2EF5-4E56-874E-DDDEA28EEFF9}.Common|Win32.ActiveCfg = Release|Win32
		{38B45EBC-2EF5-4E56-874E-DDDEA28EEFF9}.Debug Static|Any CPU.ActiveCfg = Debug|Win32
		{38B45EBC-2EF5-4E56-874E-DDDEA28EEFF9}.Debug Static|Mixed Platforms.ActiveCfg = Debug|Win32
		{38B45EBC-2EF5-4E56-874E-DDDEA28EEFF9}.Debug Static|Mixed Platforms.Build.0 = Debug|Win32
		{38B45EBC-2EF5-4E56-874E-DDDEA28EEFF9}.Debug Static|Win32.ActiveCfg = Debug|Win32
		{38B45EBC-2EF5-4E56-874E-DDDEA28EEFF9}.Debug|Any CPU.ActiveCfg = Debug|Win32
		{38B45EBC-2EF5-4E56-874E-DDDEA28EEFF9}.Debug|Mixed Platforms.ActiveCfg = Debug|Win32
		{38B45EBC-2EF5-4E56-874E-DDDEA28EEFF9}.Debug|Win32.ActiveCfg = Debug|Win32
		{38B45EBC-2EF5-4E56-874E-DDDEA28EEFF9}.Release Static|Any CPU.ActiveCfg = Release|Win32
		{38B45EBC-2EF5-4E56-874E-DDDEA28EEFF9}.Release Static|Mixed Platforms.ActiveCfg = Release|Win32
		{38B45EBC-2EF5-4E56-874E-DDDEA28EEFF9}.Release Static|Mixed Platforms.Build.0 = Release|Win32
		{38B45EBC-2EF5-4E56-874E-DDDEA28EEFF9}.Release Static|Win32.ActiveCfg = Release|Win32
		{38B45EBC-2EF5-4E56-874E-DDDEA28EEFF9}.Release|Any CPU.ActiveCfg = Release|Win32
		{38B45EBC-2EF5-4E56-874E-DDDEA28EEFF9}.Release|Mixed Platforms.ActiveCfg = Release|Win32
		{38B45EBC-2EF5-4E56-874E-DDDEA28EEFF9}.Release|Win32.ActiveCfg = Release|Win32
		{B590FFFF-B24D-4997-AF45-EA4D2742E296}.Common|Any CPU.ActiveCfg = Release|Win32
		{B590FFFF-B24D-4997-AF45-EA4D2742E296}.Common|Mixed Platforms.ActiveCfg = Release|Win32
		{B590FFFF-B24D-4997-AF45-EA4D2742E296}.Common|Mixed Platforms.Build.0 = Release|Win32
		{B590FFFF-B24D-4997-AF45-EA4D2742E296}.Common|Win32.ActiveCfg = Release|Win32
		{B590FFFF-B24D-4997-AF45-EA4D2742E296}.Debug Static|Any CPU.ActiveCfg = Debug|Win32
		{B590FFFF-B24D-4997-AF45-EA4D2742E296}.Debug Static|Mixed Platforms.ActiveCfg = Debug|Win32
		{B590FFFF-B24D-4997-AF45-EA4D2742E296}.Debug Static|Mixed Platforms.Build.0 = Debug|Win32
		{B590FFFF-B24D-4997-AF45-EA4D2742E296}.Debug Static|Win32.ActiveCfg = Debug|Win32
		{B590FFFF-B24D-4997-AF45-EA4D2742E296}.Debug|Any CPU.ActiveCfg = Debug|Win32
		{B590FFFF-B24D-4997-AF45-EA4D2742E296}.Debug|Mixed Platforms.ActiveCfg = Debug|Win32
		{B590FFFF-B24D-4997-AF45-EA4D2742E296}.Debug|Win32.ActiveCfg = Debug|Win32
		{B590FFFF-B24D-4997-AF45-EA4D2742E296}.Release Static|Any CPU.ActiveCfg = Release|Win32
		{B590FFFF-B24D-4997-AF45-EA4D2742E296}.Release Static|Mixed Platforms.ActiveCfg = Release|Win32
		{B590FFFF-B24D-4997-AF45-EA4D2742E296}.Release Static|Mixed Platforms.Build.0 = Release|Win32
		{B590FFFF-B24D-4997-AF45-EA4D2742E296}.Release Static|Win32.ActiveCfg = Release|Win32
		{B590FFFF-B24D-4997-AF45-EA4D2742E296}.Release|Any CPU.ActiveCfg = Release|Win32
		{B590FFFF-B24D-4997-AF45-EA4D2742E296}.Release|Mixed Platforms.ActiveCfg = Release|Win32
		{B590FFFF-B24D-4997-AF45-EA4D2742E296}.Release|Win32.ActiveCfg = Release|Win32
		{FB23DF79-6469-4385-9742-FE472DE1E1E0}.Common|Any CPU.ActiveCfg = Release|Win32
		{FB23DF79-6469-4385-9742-FE472DE1E1E0}.Common|Mixed Platforms.ActiveCfg = Release|Win32
		{FB23DF79-6469-4385-9742-FE472DE1E1E0}.Common|Mixed Platforms.Build.0 = Release|Win32
		{FB23DF79-6469-4385-9742-FE472DE1E1E0}.Common|Win32.ActiveCfg = Release|Win32
		{FB23DF79-6469-4385-9742-FE472DE1E1E0}.Common|Win32.Build.0 = Release|Win32
		{FB23DF79-6469-4385-9742-FE472DE1E1E0}.Debug Static|Any CPU.ActiveCfg = Debug|Win32
		{FB23DF79-6469-4385-9742-FE472DE1E1E0}.Debug Static|Mixed Platforms.ActiveCfg = Debug|Win32
		{FB23DF79-6469-4385-9742-FE472DE1E1E0}.Debug Static|Mixed Platforms.Build.0 = Debug|Win32
		{FB23DF79-6469-4385-9742-FE472DE1E1E0}.Debug Static|Win32.ActiveCfg = Debug|Win32
		{FB23DF79-6469-4385-9742-FE472DE1E1E0}.Debug Static|Win32.Build.0 = Debug|Win32
		{FB23DF79-6469-4385-9742-FE472DE1E1E0}.Debug|Any CPU.ActiveCfg = Debug|Win32
		{FB23DF79-6469-4385-9742-FE472DE1E1E0}.Debug|Mixed Platforms.ActiveCfg = Debug|Win32
		{FB23DF79-6469-4385-9742-FE472DE1E1E0}.Debug|Mixed Platforms.Build.0 = Debug|Win32
		{FB23DF79-6469-4385-9742-FE472DE1E1E0}.Debug|Win32.ActiveCfg = Debug|Win32
		{FB23DF79-6469-4385-9742-FE472DE1E1E0}.Debug|Win32.Build.0 = Debug|Win32
		{FB23DF79-6469-4385-9742-FE472DE1E1E0}.Release Static|Any CPU.ActiveCfg = Release|Win32
		{FB23DF79-6469-4385-9742-FE472DE1E1E0}.Release Static|Mixed Platforms.ActiveCfg = Release|Win32
		{FB23DF79-6469-4385-9742-FE472DE1E1E0}.Release Static|Mixed Platforms.Build.0 = Release|Win32
		{FB23DF79-6469-4385-9742-FE472DE1E1E0}.Release Static|Win32.ActiveCfg = Release|Win32
		{FB23DF79-6469-4385-9742-FE472DE1E1E0}.Release Static|Win32.Build.0 = Release|Win32
		{FB23DF79-6469-4385-9742-FE472DE1E1E0}.Release|Any CPU.ActiveCfg = Release|Win32
		{FB23DF79-6469-4385-9742-FE472DE1E1E0}.Release|Mixed Platforms.ActiveCfg = Release|Win32
		{FB23DF79-6469-4385-9742-FE472DE1E1E0}.Release|Mixed Platforms.Build.0 = Release|Win32
		{FB23DF79-6469-4385-9742-FE472DE1E1E0}.Release|Win32.ActiveCfg = Release|Win32
		{FB23DF79-6469-4385-9742-FE472DE1E1E0}.Release|Win32.Build.0 = Release|Win32
		{367C9A96-64E8-4DDB-A931-75E11441A294}.Common|Any CPU.ActiveCfg = Release
		{367C9A96-64E8-4DDB-A931-75E11441A294}.Common|Any CPU.Build.0 = Release
		{367C9A96-64E8-4DDB-A931-75E11441A294}.Common|Mixed Platforms.ActiveCfg = Release
		{367C9A96-64E8-4DDB-A931-75E11441A294}.Common|Mixed Platforms.Build.0 = Release
		{367C9A96-64E8-4DDB-A931-75E11441A294}.Common|Win32.ActiveCfg = Release
		{367C9A96-64E8-4DDB-A931-75E11441A294}.Common|Win32.Build.0 = Release
		{367C9A96-64E8-4DDB-A931-75E11441A294}.Debug Static|Any CPU.ActiveCfg = Debug
		{367C9A96-64E8-4DDB-A931-75E11441A294}.Debug Static|Any CPU.Build.0 = Debug
		{367C9A96-64E8-4DDB-A931-75E11441A294}.Debug Static|Mixed Platforms.ActiveCfg = Debug
		{367C9A96-64E8-4DDB-A931-75E11441A294}.Debug Static|Mixed Platforms.Build.0 = Debug
		{367C9A96-64E8-4DDB-A931-75E11441A294}.Debug Static|Win32.ActiveCfg = Debug
		{367C9A96-64E8-4DDB-A931-75E11441A294}.Debug Static|Win32.Build.0 = Debug
		{367C9A96-64E8-4DDB-A931-75E11441A294}.Debug|Any CPU.ActiveCfg = Debug
		{367C9A96-64E8-4DDB-A931-75E11441A294}.Debug|Any CPU.Build.0 = Debug
		{367C9A96-64E8-4DDB-A931-75E11441A294}.Debug|Mixed Platforms.ActiveCfg = Debug
		{367C9A96-64E8-4DDB-A931-75E11441A294}.Debug|Mixed Platforms.Build.0 = Debug
		{367C9A96-64E8-4DDB-A931-75E11441A294}.Debug|Win32.ActiveCfg = Debug
		{367C9A96-64E8-4DDB-A931-75E11441A294}.Release Static|Any CPU.ActiveCfg = Release
		{367C9A96-64E8-4DDB-A931-75E11441A294}.Release Static|Any CPU.Build.0 = Release
		{367C9A96-64E8-4DDB-A931-75E11441A294}.Release Static|Mixed Platforms.ActiveCfg = Release
		{367C9A96-64E8-4DDB-A931-75E11441A294}.Release Static|Mixed Platforms.Build.0 = Release
		{367C9A96-64E8-4DDB-A931-75E11441A294}.Release Static|Win32.ActiveCfg = Release
		{367C9A96-64E8-4DDB-A931-75E11441A294}.Release Static|Win32.Build.0 = Release
		{367C9A96-64E8-4DDB-A931-75E11441A294}.Release|Any CPU.ActiveCfg = Release
		{367C9A96-64E8-4DDB-A931-75E11441A294}.Release|Any CPU.Build.0 = Release
		{367C9A96-64E8-4DDB-A931-75E11441A294}.Release|Mixed Platforms.ActiveCfg = Release
		{367C9A96-64E8-4DDB-A931-75E11441A294}.Release|Mixed Platforms.Build.0 = Release
		{367C9A96-64E8-4DDB-A931-75E11441A294}.Release|Win32.ActiveCfg = Release
	EndGlobalSection
	GlobalSection(SolutionProperties) = preSolution
		HideSolutionNode = FALSE
	EndGlobalSection
EndGlobal
