
Microsoft Visual Studio Solution File, Format Version 10.00
# Visual Studio 2008
Project("{FAE04EC0-301F-11D3-BF4B-00C04F79EFBC}") = "HelloApp", "HelloApp.csproj", "{6F0D9D4D-1F5B-458A-8497-C4BCF3F6646A}"
EndProject
Global
	GlobalSection(SolutionConfigurationPlatforms) = preSolution
		Debug|Any CPU = Debug|Any CPU
	EndGlobalSection
	GlobalSection(ProjectConfigurationPlatforms) = postSolution
		{6F0D9D4D-1F5B-458A-8497-C4BCF3F6646A}.Debug|Any CPU.ActiveCfg = Debug|Any CPU
		{6F0D9D4D-1F5B-458A-8497-C4BCF3F6646A}.Debug|Any CPU.Build.0 = Debug|Any CPU
	EndGlobalSection
	GlobalSection(SolutionProperties) = preSolution
		HideSolutionNode = FALSE
	EndGlobalSection
EndGlobal
