<?xml version="1.0" encoding="utf-8"?>
<Project ToolsVersion="4.0" xmlns="http://schemas.microsoft.com/developer/msbuild/2003">
  <ItemGroup>
    <Filter Include="Source Files">
      <UniqueIdentifier>{109d8415-4eed-431c-9fc0-9628ca4b2306}</UniqueIdentifier>
    </Filter>
    <Filter Include="Header Files">
      <UniqueIdentifier>{022461ef-98a0-4649-a1e7-ec67e4f625cc}</UniqueIdentifier>
    </Filter>
  </ItemGroup>
</Project>