<?xml version="1.0" encoding="utf-8"?>
<Project ToolsVersion="4.0" xmlns="http://schemas.microsoft.com/developer/msbuild/2003">
  <ItemGroup>
    <Filter Include="Source Files">
      <UniqueIdentifier>{175ee99f-8f50-4c20-afe1-047f4cf71062}</UniqueIdentifier>
    </Filter>
  </ItemGroup>
</Project>